
Microsoft Visual Studio Solution File, Format Version 12.00
# Visual Studio Version 16
VisualStudioVersion = 16.0.30523.141
MinimumVisualStudioVersion = 10.0.40219.1
Project("{9A19103F-16F7-4668-BE54-9A1E7A4F7556}") = "ConsoleInterface", "ConsoleInterface\ConsoleInterface.csproj", "{2FE5AC1C-AB95-4BB3-A0A1-79784EAC8FD7}"
EndProject
Project("{9A19103F-16F7-4668-BE54-9A1E7A4F7556}") = "Infrastructure", "Infrastructure\Infrastructure.csproj", "{3833AAEC-F16E-48D7-8E37-2D5F45A4E4FC}"
EndProject
Project("{9A19103F-16F7-4668-BE54-9A1E7A4F7556}") = "XMLDataContext", "XMLDataContext\XMLDataContext.csproj", "{F3BEBC14-4E1A-4580-8EB1-F498E2F2AC24}"
EndProject
Project("{9A19103F-16F7-4668-BE54-9A1E7A4F7556}") = "EducationProject.Core", "EducationProject.Core\EducationProject.Core.csproj", "{53D85054-3714-44F4-AF30-A709F2B73BB6}"
EndProject
Project("{9A19103F-16F7-4668-BE54-9A1E7A4F7556}") = "EducationProject.BLL", "EducationProject.BLL\EducationProject.BLL.csproj", "{B4B1F8AB-42DB-4975-9D41-BB8FD5958438}"
EndProject
Project("{9A19103F-16F7-4668-BE54-9A1E7A4F7556}") = "EducationProject.DAL", "EducationProject.DAL\EducationProject.DAL.csproj", "{8D35E05F-432B-45A5-ADC1-88B0871E2784}"
EndProject
Project("{9A19103F-16F7-4668-BE54-9A1E7A4F7556}") = "ADODataContext", "ADODataContext\ADODataContext.csproj", "{10E8730C-272C-4BAF-B1CD-FB5698A5E4AE}"
EndProject
Project("{FAE04EC0-301F-11D3-BF4B-00C04F79EFBC}") = "EducationProject.EFCore", "EducationProject.EFCore\EducationProject.EFCore.csproj", "{48BDCDE0-D0F5-4912-8DA8-295543088297}"
EndProject
Global
	GlobalSection(SolutionConfigurationPlatforms) = preSolution
		Debug|Any CPU = Debug|Any CPU
		Release|Any CPU = Release|Any CPU
	EndGlobalSection
	GlobalSection(ProjectConfigurationPlatforms) = postSolution
		{2FE5AC1C-AB95-4BB3-A0A1-79784EAC8FD7}.Debug|Any CPU.ActiveCfg = Debug|Any CPU
		{2FE5AC1C-AB95-4BB3-A0A1-79784EAC8FD7}.Debug|Any CPU.Build.0 = Debug|Any CPU
		{2FE5AC1C-AB95-4BB3-A0A1-79784EAC8FD7}.Release|Any CPU.ActiveCfg = Release|Any CPU
		{2FE5AC1C-AB95-4BB3-A0A1-79784EAC8FD7}.Release|Any CPU.Build.0 = Release|Any CPU
		{3833AAEC-F16E-48D7-8E37-2D5F45A4E4FC}.Debug|Any CPU.ActiveCfg = Debug|Any CPU
		{3833AAEC-F16E-48D7-8E37-2D5F45A4E4FC}.Debug|Any CPU.Build.0 = Debug|Any CPU
		{3833AAEC-F16E-48D7-8E37-2D5F45A4E4FC}.Release|Any CPU.ActiveCfg = Release|Any CPU
		{3833AAEC-F16E-48D7-8E37-2D5F45A4E4FC}.Release|Any CPU.Build.0 = Release|Any CPU
		{F3BEBC14-4E1A-4580-8EB1-F498E2F2AC24}.Debug|Any CPU.ActiveCfg = Debug|Any CPU
		{F3BEBC14-4E1A-4580-8EB1-F498E2F2AC24}.Debug|Any CPU.Build.0 = Debug|Any CPU
		{F3BEBC14-4E1A-4580-8EB1-F498E2F2AC24}.Release|Any CPU.ActiveCfg = Release|Any CPU
		{F3BEBC14-4E1A-4580-8EB1-F498E2F2AC24}.Release|Any CPU.Build.0 = Release|Any CPU
		{53D85054-3714-44F4-AF30-A709F2B73BB6}.Debug|Any CPU.ActiveCfg = Debug|Any CPU
		{53D85054-3714-44F4-AF30-A709F2B73BB6}.Debug|Any CPU.Build.0 = Debug|Any CPU
		{53D85054-3714-44F4-AF30-A709F2B73BB6}.Release|Any CPU.ActiveCfg = Release|Any CPU
		{53D85054-3714-44F4-AF30-A709F2B73BB6}.Release|Any CPU.Build.0 = Release|Any CPU
		{B4B1F8AB-42DB-4975-9D41-BB8FD5958438}.Debug|Any CPU.ActiveCfg = Debug|Any CPU
		{B4B1F8AB-42DB-4975-9D41-BB8FD5958438}.Debug|Any CPU.Build.0 = Debug|Any CPU
		{B4B1F8AB-42DB-4975-9D41-BB8FD5958438}.Release|Any CPU.ActiveCfg = Release|Any CPU
		{B4B1F8AB-42DB-4975-9D41-BB8FD5958438}.Release|Any CPU.Build.0 = Release|Any CPU
		{8D35E05F-432B-45A5-ADC1-88B0871E2784}.Debug|Any CPU.ActiveCfg = Debug|Any CPU
		{8D35E05F-432B-45A5-ADC1-88B0871E2784}.Debug|Any CPU.Build.0 = Debug|Any CPU
		{8D35E05F-432B-45A5-ADC1-88B0871E2784}.Release|Any CPU.ActiveCfg = Release|Any CPU
		{8D35E05F-432B-45A5-ADC1-88B0871E2784}.Release|Any CPU.Build.0 = Release|Any CPU
		{10E8730C-272C-4BAF-B1CD-FB5698A5E4AE}.Debug|Any CPU.ActiveCfg = Debug|Any CPU
		{10E8730C-272C-4BAF-B1CD-FB5698A5E4AE}.Debug|Any CPU.Build.0 = Debug|Any CPU
		{10E8730C-272C-4BAF-B1CD-FB5698A5E4AE}.Release|Any CPU.ActiveCfg = Release|Any CPU
		{10E8730C-272C-4BAF-B1CD-FB5698A5E4AE}.Release|Any CPU.Build.0 = Release|Any CPU
		{48BDCDE0-D0F5-4912-8DA8-295543088297}.Debug|Any CPU.ActiveCfg = Debug|Any CPU
		{48BDCDE0-D0F5-4912-8DA8-295543088297}.Debug|Any CPU.Build.0 = Debug|Any CPU
		{48BDCDE0-D0F5-4912-8DA8-295543088297}.Release|Any CPU.ActiveCfg = Release|Any CPU
		{48BDCDE0-D0F5-4912-8DA8-295543088297}.Release|Any CPU.Build.0 = Release|Any CPU
	EndGlobalSection
	GlobalSection(SolutionProperties) = preSolution
		HideSolutionNode = FALSE
	EndGlobalSection
	GlobalSection(ExtensibilityGlobals) = postSolution
		SolutionGuid = {3A3F96AF-2B47-49A3-85F8-7DD94B2D0727}
	EndGlobalSection
EndGlobal
