
Microsoft Visual Studio Solution File, Format Version 12.00
# Visual Studio Version 16
VisualStudioVersion = 16.0.30523.141
MinimumVisualStudioVersion = 10.0.40219.1
Project("{FAE04EC0-301F-11D3-BF4B-00C04F79EFBC}") = "FightProject", "FightProject\FightProject.csproj", "{E16B4893-31DF-46B7-A421-80C11B73513D}"
EndProject
Project("{FAE04EC0-301F-11D3-BF4B-00C04F79EFBC}") = "SecondProject", "SecondProject\SecondProject.csproj", "{C5301C7E-BC9E-4DB3-A12A-45A1E5B1D678}"
EndProject
Global
	GlobalSection(SolutionConfigurationPlatforms) = preSolution
		Debug|Any CPU = Debug|Any CPU
		Release|Any CPU = Release|Any CPU
	EndGlobalSection
	GlobalSection(ProjectConfigurationPlatforms) = postSolution
		{E16B4893-31DF-46B7-A421-80C11B73513D}.Debug|Any CPU.ActiveCfg = Debug|Any CPU
		{E16B4893-31DF-46B7-A421-80C11B73513D}.Debug|Any CPU.Build.0 = Debug|Any CPU
		{E16B4893-31DF-46B7-A421-80C11B73513D}.Release|Any CPU.ActiveCfg = Release|Any CPU
		{E16B4893-31DF-46B7-A421-80C11B73513D}.Release|Any CPU.Build.0 = Release|Any CPU
		{C5301C7E-BC9E-4DB3-A12A-45A1E5B1D678}.Debug|Any CPU.ActiveCfg = Debug|Any CPU
		{C5301C7E-BC9E-4DB3-A12A-45A1E5B1D678}.Debug|Any CPU.Build.0 = Debug|Any CPU
		{C5301C7E-BC9E-4DB3-A12A-45A1E5B1D678}.Release|Any CPU.ActiveCfg = Release|Any CPU
		{C5301C7E-BC9E-4DB3-A12A-45A1E5B1D678}.Release|Any CPU.Build.0 = Release|Any CPU
	EndGlobalSection
	GlobalSection(SolutionProperties) = preSolution
		HideSolutionNode = FALSE
	EndGlobalSection
	GlobalSection(ExtensibilityGlobals) = postSolution
		SolutionGuid = {1A37B40F-C2D2-43A9-87C8-570AD07D241F}
	EndGlobalSection
EndGlobal
